
Microsoft Visual Studio Solution File, Format Version 12.00
# Visual Studio Version 16
VisualStudioVersion = 16.0.31129.286
MinimumVisualStudioVersion = 10.0.40219.1
Project("{FAE04EC0-301F-11D3-BF4B-00C04F79EFBC}") = "SolutionCleaner", "SolutionCleaner\SolutionCleaner.csproj", "{BD4EFADA-F80C-4D1E-8FAE-581833F8AE2A}"
EndProject
Global
	GlobalSection(SolutionConfigurationPlatforms) = preSolution
		Debug|Any CPU = Debug|Any CPU
		Release|Any CPU = Release|Any CPU
	EndGlobalSection
	GlobalSection(ProjectConfigurationPlatforms) = postSolution
		{BD4EFADA-F80C-4D1E-8FAE-581833F8AE2A}.Debug|Any CPU.ActiveCfg = Debug|Any CPU
		{BD4EFADA-F80C-4D1E-8FAE-581833F8AE2A}.Debug|Any CPU.Build.0 = Debug|Any CPU
		{BD4EFADA-F80C-4D1E-8FAE-581833F8AE2A}.Release|Any CPU.ActiveCfg = Release|Any CPU
		{BD4EFADA-F80C-4D1E-8FAE-581833F8AE2A}.Release|Any CPU.Build.0 = Release|Any CPU
	EndGlobalSection
	GlobalSection(SolutionProperties) = preSolution
		HideSolutionNode = FALSE
	EndGlobalSection
	GlobalSection(ExtensibilityGlobals) = postSolution
		SolutionGuid = {1F2277E0-3019-4912-BC74-7D78E6B4A2CC}
	EndGlobalSection
EndGlobal
