
Microsoft Visual Studio Solution File, Format Version 12.00
# Visual Studio Version 17
VisualStudioVersion = 17.1.32319.34
MinimumVisualStudioVersion = 10.0.40219.1
Project("{9A19103F-16F7-4668-BE54-9A1E7A4F7556}") = "SolutionCleaner", "src\SolutionCleaner\SolutionCleaner.csproj", "{F9F75B45-EE80-4AD0-B2C7-9396AF180EC5}"
EndProject
Project("{FAE04EC0-301F-11D3-BF4B-00C04F79EFBC}") = "SolutionCleaner.Tests", "tests\SolutionCleaner.Tests\SolutionCleaner.Tests.csproj", "{4E99D110-927F-42CD-9E89-018151167396}"
EndProject
Global
	GlobalSection(SolutionConfigurationPlatforms) = preSolution
		Debug|Any CPU = Debug|Any CPU
		Release|Any CPU = Release|Any CPU
	EndGlobalSection
	GlobalSection(ProjectConfigurationPlatforms) = postSolution
		{F9F75B45-EE80-4AD0-B2C7-9396AF180EC5}.Debug|Any CPU.ActiveCfg = Debug|Any CPU
		{F9F75B45-EE80-4AD0-B2C7-9396AF180EC5}.Debug|Any CPU.Build.0 = Debug|Any CPU
		{F9F75B45-EE80-4AD0-B2C7-9396AF180EC5}.Release|Any CPU.ActiveCfg = Release|Any CPU
		{F9F75B45-EE80-4AD0-B2C7-9396AF180EC5}.Release|Any CPU.Build.0 = Release|Any CPU
		{4E99D110-927F-42CD-9E89-018151167396}.Debug|Any CPU.ActiveCfg = Debug|Any CPU
		{4E99D110-927F-42CD-9E89-018151167396}.Debug|Any CPU.Build.0 = Debug|Any CPU
		{4E99D110-927F-42CD-9E89-018151167396}.Release|Any CPU.ActiveCfg = Release|Any CPU
		{4E99D110-927F-42CD-9E89-018151167396}.Release|Any CPU.Build.0 = Release|Any CPU
	EndGlobalSection
	GlobalSection(SolutionProperties) = preSolution
		HideSolutionNode = FALSE
	EndGlobalSection
	GlobalSection(ExtensibilityGlobals) = postSolution
		SolutionGuid = {1F2277E0-3019-4912-BC74-7D78E6B4A2CC}
	EndGlobalSection
EndGlobal
